
Microsoft Visual Studio Solution File, Format Version 12.00
# Visual Studio Version 17
VisualStudioVersion = 17.7.34031.279
MinimumVisualStudioVersion = 10.0.40219.1
Project("{9A19103F-16F7-4668-BE54-9A1E7A4F7556}") = "IntuneGroupAssignments", "IntuneGroupAssignments\IntuneGroupAssignments.csproj", "{E45E7F6A-93F3-4EBF-BBB6-8A0A65438504}"
EndProject
Project("{54435603-DBB4-11D2-8724-00A0C9A8B90C}") = "ADAM Tool Setup", "ADAM Tool Setup\ADAM Tool Setup.vdproj", "{237E858C-1630-46D8-856F-6FBC02BA7B5F}"
EndProject
Global
	GlobalSection(SolutionConfigurationPlatforms) = preSolution
		Debug|Any CPU = Debug|Any CPU
		Release|Any CPU = Release|Any CPU
		Description = The ADAM Tool will find all the Intune application, configurations, policy etc. assignments made to the specified group.
	EndGlobalSection
	GlobalSection(ProjectConfigurationPlatforms) = postSolution
		{E45E7F6A-93F3-4EBF-BBB6-8A0A65438504}.Debug|Any CPU.ActiveCfg = Debug|Any CPU
		{E45E7F6A-93F3-4EBF-BBB6-8A0A65438504}.Debug|Any CPU.Build.0 = Debug|Any CPU
		{E45E7F6A-93F3-4EBF-BBB6-8A0A65438504}.Release|Any CPU.ActiveCfg = Release|Any CPU
		{E45E7F6A-93F3-4EBF-BBB6-8A0A65438504}.Release|Any CPU.Build.0 = Release|Any CPU
		{237E858C-1630-46D8-856F-6FBC02BA7B5F}.Debug|Any CPU.ActiveCfg = Debug
		{237E858C-1630-46D8-856F-6FBC02BA7B5F}.Release|Any CPU.ActiveCfg = Release
	EndGlobalSection
	GlobalSection(SolutionProperties) = preSolution
		HideSolutionNode = FALSE
	EndGlobalSection
	GlobalSection(ExtensibilityGlobals) = postSolution
		SolutionGuid = {4D58C7E9-59D8-4FB0-BC24-79B1814EA5C6}
	EndGlobalSection
EndGlobal
